// !$*UTF8*$!
{
	archiveVersion = 1;
	classes = {
	};
	objectVersion = 55;
	objects = {

/* Begin PBXBuildFile section */
		534F84AA27BFEB7000614968 /* AppDelegate.swift in Sources */ = {isa = PBXBuildFile; fileRef = 534F84A927BFEB7000614968 /* AppDelegate.swift */; };
		534F84AC27BFEB7000614968 /* SceneDelegate.swift in Sources */ = {isa = PBXBuildFile; fileRef = 534F84AB27BFEB7000614968 /* SceneDelegate.swift */; };
		534F84AE27BFEB7000614968 /* ViewController.swift in Sources */ = {isa = PBXBuildFile; fileRef = 534F84AD27BFEB7000614968 /* ViewController.swift */; };
		534F84B127BFEB7000614968 /* Main.storyboard in Resources */ = {isa = PBXBuildFile; fileRef = 534F84AF27BFEB7000614968 /* Main.storyboard */; };
		534F84B327BFEB7300614968 /* Assets.xcassets in Resources */ = {isa = PBXBuildFile; fileRef = 534F84B227BFEB7300614968 /* Assets.xcassets */; };
		534F84B627BFEB7300614968 /* LaunchScreen.storyboard in Resources */ = {isa = PBXBuildFile; fileRef = 534F84B427BFEB7300614968 /* LaunchScreen.storyboard */; };
		534F84C127BFEB7300614968 /* Shakespeare_s_comediesTests.swift in Sources */ = {isa = PBXBuildFile; fileRef = 534F84C027BFEB7300614968 /* Shakespeare_s_comediesTests.swift */; };
		534F84CB27BFEB7300614968 /* Shakespeare_s_comediesUITests.swift in Sources */ = {isa = PBXBuildFile; fileRef = 534F84CA27BFEB7300614968 /* Shakespeare_s_comediesUITests.swift */; };
		534F84CD27BFEB7300614968 /* Shakespeare_s_comediesUITestsLaunchTests.swift in Sources */ = {isa = PBXBuildFile; fileRef = 534F84CC27BFEB7300614968 /* Shakespeare_s_comediesUITestsLaunchTests.swift */; };
		534F84DA27BFECE000614968 /* plays.txt in Resources */ = {isa = PBXBuildFile; fileRef = 534F84D927BFECE000614968 /* plays.txt */; };
		534F84DC27BFEF6B00614968 /* PlayData.swift in Sources */ = {isa = PBXBuildFile; fileRef = 534F84DB27BFEF6B00614968 /* PlayData.swift */; };
		534F84DE27BFEFB500614968 /* PlayDataTests.swift in Sources */ = {isa = PBXBuildFile; fileRef = 534F84DD27BFEFB500614968 /* PlayDataTests.swift */; };
/* End PBXBuildFile section */

/* Begin PBXContainerItemProxy section */
		534F84BD27BFEB7300614968 /* PBXContainerItemProxy */ = {
			isa = PBXContainerItemProxy;
			containerPortal = 534F849E27BFEB7000614968 /* Project object */;
			proxyType = 1;
			remoteGlobalIDString = 534F84A527BFEB7000614968;
			remoteInfo = "Shakespeare's comedies";
		};
		534F84C727BFEB7300614968 /* PBXContainerItemProxy */ = {
			isa = PBXContainerItemProxy;
			containerPortal = 534F849E27BFEB7000614968 /* Project object */;
			proxyType = 1;
			remoteGlobalIDString = 534F84A527BFEB7000614968;
			remoteInfo = "Shakespeare's comedies";
		};
/* End PBXContainerItemProxy section */

/* Begin PBXFileReference section */
		534F84A627BFEB7000614968 /* Shakespeare's comedies.app */ = {isa = PBXFileReference; explicitFileType = wrapper.application; includeInIndex = 0; path = "Shakespeare's comedies.app"; sourceTree = BUILT_PRODUCTS_DIR; };
		534F84A927BFEB7000614968 /* AppDelegate.swift */ = {isa = PBXFileReference; lastKnownFileType = sourcecode.swift; path = AppDelegate.swift; sourceTree = "<group>"; };
		534F84AB27BFEB7000614968 /* SceneDelegate.swift */ = {isa = PBXFileReference; lastKnownFileType = sourcecode.swift; path = SceneDelegate.swift; sourceTree = "<group>"; };
		534F84AD27BFEB7000614968 /* ViewController.swift */ = {isa = PBXFileReference; lastKnownFileType = sourcecode.swift; path = ViewController.swift; sourceTree = "<group>"; };
		534F84B027BFEB7000614968 /* Base */ = {isa = PBXFileReference; lastKnownFileType = file.storyboard; name = Base; path = Base.lproj/Main.storyboard; sourceTree = "<group>"; };
		534F84B227BFEB7300614968 /* Assets.xcassets */ = {isa = PBXFileReference; lastKnownFileType = folder.assetcatalog; path = Assets.xcassets; sourceTree = "<group>"; };
		534F84B527BFEB7300614968 /* Base */ = {isa = PBXFileReference; lastKnownFileType = file.storyboard; name = Base; path = Base.lproj/LaunchScreen.storyboard; sourceTree = "<group>"; };
		534F84B727BFEB7300614968 /* Info.plist */ = {isa = PBXFileReference; lastKnownFileType = text.plist.xml; path = Info.plist; sourceTree = "<group>"; };
		534F84BC27BFEB7300614968 /* Shakespeare's comediesTests.xctest */ = {isa = PBXFileReference; explicitFileType = wrapper.cfbundle; includeInIndex = 0; path = "Shakespeare's comediesTests.xctest"; sourceTree = BUILT_PRODUCTS_DIR; };
		534F84C027BFEB7300614968 /* Shakespeare_s_comediesTests.swift */ = {isa = PBXFileReference; lastKnownFileType = sourcecode.swift; path = Shakespeare_s_comediesTests.swift; sourceTree = "<group>"; };
		534F84C627BFEB7300614968 /* Shakespeare's comediesUITests.xctest */ = {isa = PBXFileReference; explicitFileType = wrapper.cfbundle; includeInIndex = 0; path = "Shakespeare's comediesUITests.xctest"; sourceTree = BUILT_PRODUCTS_DIR; };
		534F84CA27BFEB7300614968 /* Shakespeare_s_comediesUITests.swift */ = {isa = PBXFileReference; lastKnownFileType = sourcecode.swift; path = Shakespeare_s_comediesUITests.swift; sourceTree = "<group>"; };
		534F84CC27BFEB7300614968 /* Shakespeare_s_comediesUITestsLaunchTests.swift */ = {isa = PBXFileReference; lastKnownFileType = sourcecode.swift; path = Shakespeare_s_comediesUITestsLaunchTests.swift; sourceTree = "<group>"; };
		534F84D927BFECE000614968 /* plays.txt */ = {isa = PBXFileReference; fileEncoding = 4; lastKnownFileType = text; path = plays.txt; sourceTree = "<group>"; };
		534F84DB27BFEF6B00614968 /* PlayData.swift */ = {isa = PBXFileReference; lastKnownFileType = sourcecode.swift; path = PlayData.swift; sourceTree = "<group>"; };
		534F84DD27BFEFB500614968 /* PlayDataTests.swift */ = {isa = PBXFileReference; lastKnownFileType = sourcecode.swift; path = PlayDataTests.swift; sourceTree = "<group>"; };
/* End PBXFileReference section */

/* Begin PBXFrameworksBuildPhase section */
		534F84A327BFEB7000614968 /* Frameworks */ = {
			isa = PBXFrameworksBuildPhase;
			buildActionMask = 2147483647;
			files = (
			);
			runOnlyForDeploymentPostprocessing = 0;
		};
		534F84B927BFEB7300614968 /* Frameworks */ = {
			isa = PBXFrameworksBuildPhase;
			buildActionMask = 2147483647;
			files = (
			);
			runOnlyForDeploymentPostprocessing = 0;
		};
		534F84C327BFEB7300614968 /* Frameworks */ = {
			isa = PBXFrameworksBuildPhase;
			buildActionMask = 2147483647;
			files = (
			);
			runOnlyForDeploymentPostprocessing = 0;
		};
/* End PBXFrameworksBuildPhase section */

/* Begin PBXGroup section */
		534F849D27BFEB7000614968 = {
			isa = PBXGroup;
			children = (
				534F84A827BFEB7000614968 /* Shakespeare's comedies */,
				534F84BF27BFEB7300614968 /* Shakespeare's comediesTests */,
				534F84A727BFEB7000614968 /* Products */,
			);
			sourceTree = "<group>";
		};
		534F84A727BFEB7000614968 /* Products */ = {
			isa = PBXGroup;
			children = (
				534F84A627BFEB7000614968 /* Shakespeare's comedies.app */,
				534F84BC27BFEB7300614968 /* Shakespeare's comediesTests.xctest */,
				534F84C627BFEB7300614968 /* Shakespeare's comediesUITests.xctest */,
			);
			name = Products;
			sourceTree = "<group>";
		};
		534F84A827BFEB7000614968 /* Shakespeare's comedies */ = {
			isa = PBXGroup;
			children = (
				534F84A927BFEB7000614968 /* AppDelegate.swift */,
				534F84AB27BFEB7000614968 /* SceneDelegate.swift */,
				534F84AD27BFEB7000614968 /* ViewController.swift */,
				534F84DB27BFEF6B00614968 /* PlayData.swift */,
				534F84AF27BFEB7000614968 /* Main.storyboard */,
				534F84B227BFEB7300614968 /* Assets.xcassets */,
				534F84B427BFEB7300614968 /* LaunchScreen.storyboard */,
				534F84B727BFEB7300614968 /* Info.plist */,
				534F84D927BFECE000614968 /* plays.txt */,
			);
			path = "Shakespeare's comedies";
			sourceTree = "<group>";
		};
		534F84BF27BFEB7300614968 /* Shakespeare's comediesTests */ = {
			isa = PBXGroup;
			children = (
				534F84C027BFEB7300614968 /* Shakespeare_s_comediesTests.swift */,
				534F84DD27BFEFB500614968 /* PlayDataTests.swift */,
				534F84C927BFEB7300614968 /* Shakespeare's comediesUITests */,
			);
			path = "Shakespeare's comediesTests";
			sourceTree = "<group>";
		};
		534F84C927BFEB7300614968 /* Shakespeare's comediesUITests */ = {
			isa = PBXGroup;
			children = (
				534F84CA27BFEB7300614968 /* Shakespeare_s_comediesUITests.swift */,
				534F84CC27BFEB7300614968 /* Shakespeare_s_comediesUITestsLaunchTests.swift */,
			);
			path = "Shakespeare's comediesUITests";
			sourceTree = "<group>";
		};
/* End PBXGroup section */

/* Begin PBXNativeTarget section */
		534F84A527BFEB7000614968 /* Shakespeare's comedies */ = {
			isa = PBXNativeTarget;
			buildConfigurationList = 534F84D027BFEB7300614968 /* Build configuration list for PBXNativeTarget "Shakespeare's comedies" */;
			buildPhases = (
				534F84A227BFEB7000614968 /* Sources */,
				534F84A327BFEB7000614968 /* Frameworks */,
				534F84A427BFEB7000614968 /* Resources */,
			);
			buildRules = (
			);
			dependencies = (
			);
			name = "Shakespeare's comedies";
			productName = "Shakespeare's comedies";
			productReference = 534F84A627BFEB7000614968 /* Shakespeare's comedies.app */;
			productType = "com.apple.product-type.application";
		};
		534F84BB27BFEB7300614968 /* Shakespeare's comediesTests */ = {
			isa = PBXNativeTarget;
			buildConfigurationList = 534F84D327BFEB7300614968 /* Build configuration list for PBXNativeTarget "Shakespeare's comediesTests" */;
			buildPhases = (
				534F84B827BFEB7300614968 /* Sources */,
				534F84B927BFEB7300614968 /* Frameworks */,
				534F84BA27BFEB7300614968 /* Resources */,
			);
			buildRules = (
			);
			dependencies = (
				534F84BE27BFEB7300614968 /* PBXTargetDependency */,
			);
			name = "Shakespeare's comediesTests";
			productName = "Shakespeare's comediesTests";
			productReference = 534F84BC27BFEB7300614968 /* Shakespeare's comediesTests.xctest */;
			productType = "com.apple.product-type.bundle.unit-test";
		};
		534F84C527BFEB7300614968 /* Shakespeare's comediesUITests */ = {
			isa = PBXNativeTarget;
			buildConfigurationList = 534F84D627BFEB7300614968 /* Build configuration list for PBXNativeTarget "Shakespeare's comediesUITests" */;
			buildPhases = (
				534F84C227BFEB7300614968 /* Sources */,
				534F84C327BFEB7300614968 /* Frameworks */,
				534F84C427BFEB7300614968 /* Resources */,
			);
			buildRules = (
			);
			dependencies = (
				534F84C827BFEB7300614968 /* PBXTargetDependency */,
			);
			name = "Shakespeare's comediesUITests";
			productName = "Shakespeare's comediesUITests";
			productReference = 534F84C627BFEB7300614968 /* Shakespeare's comediesUITests.xctest */;
			productType = "com.apple.product-type.bundle.ui-testing";
		};
/* End PBXNativeTarget section */

/* Begin PBXProject section */
		534F849E27BFEB7000614968 /* Project object */ = {
			isa = PBXProject;
			attributes = {
				BuildIndependentTargetsInParallel = 1;
				LastSwiftUpdateCheck = 1320;
				LastUpgradeCheck = 1320;
				TargetAttributes = {
					534F84A527BFEB7000614968 = {
						CreatedOnToolsVersion = 13.2;
					};
					534F84BB27BFEB7300614968 = {
						CreatedOnToolsVersion = 13.2;
						TestTargetID = 534F84A527BFEB7000614968;
					};
					534F84C527BFEB7300614968 = {
						CreatedOnToolsVersion = 13.2;
						TestTargetID = 534F84A527BFEB7000614968;
					};
				};
			};
			buildConfigurationList = 534F84A127BFEB7000614968 /* Build configuration list for PBXProject "Shakespeare's comedies" */;
			compatibilityVersion = "Xcode 13.0";
			developmentRegion = en;
			hasScannedForEncodings = 0;
			knownRegions = (
				en,
				Base,
			);
			mainGroup = 534F849D27BFEB7000614968;
			productRefGroup = 534F84A727BFEB7000614968 /* Products */;
			projectDirPath = "";
			projectRoot = "";
			targets = (
				534F84A527BFEB7000614968 /* Shakespeare's comedies */,
				534F84BB27BFEB7300614968 /* Shakespeare's comediesTests */,
				534F84C527BFEB7300614968 /* Shakespeare's comediesUITests */,
			);
		};
/* End PBXProject section */

/* Begin PBXResourcesBuildPhase section */
		534F84A427BFEB7000614968 /* Resources */ = {
			isa = PBXResourcesBuildPhase;
			buildActionMask = 2147483647;
			files = (
				534F84DA27BFECE000614968 /* plays.txt in Resources */,
				534F84B627BFEB7300614968 /* LaunchScreen.storyboard in Resources */,
				534F84B327BFEB7300614968 /* Assets.xcassets in Resources */,
				534F84B127BFEB7000614968 /* Main.storyboard in Resources */,
			);
			runOnlyForDeploymentPostprocessing = 0;
		};
		534F84BA27BFEB7300614968 /* Resources */ = {
			isa = PBXResourcesBuildPhase;
			buildActionMask = 2147483647;
			files = (
			);
			runOnlyForDeploymentPostprocessing = 0;
		};
		534F84C427BFEB7300614968 /* Resources */ = {
			isa = PBXResourcesBuildPhase;
			buildActionMask = 2147483647;
			files = (
			);
			runOnlyForDeploymentPostprocessing = 0;
		};
/* End PBXResourcesBuildPhase section */

/* Begin PBXSourcesBuildPhase section */
		534F84A227BFEB7000614968 /* Sources */ = {
			isa = PBXSourcesBuildPhase;
			buildActionMask = 2147483647;
			files = (
				534F84AE27BFEB7000614968 /* ViewController.swift in Sources */,
				534F84DC27BFEF6B00614968 /* PlayData.swift in Sources */,
				534F84AA27BFEB7000614968 /* AppDelegate.swift in Sources */,
				534F84AC27BFEB7000614968 /* SceneDelegate.swift in Sources */,
			);
			runOnlyForDeploymentPostprocessing = 0;
		};
		534F84B827BFEB7300614968 /* Sources */ = {
			isa = PBXSourcesBuildPhase;
			buildActionMask = 2147483647;
			files = (
				534F84C127BFEB7300614968 /* Shakespeare_s_comediesTests.swift in Sources */,
				534F84DE27BFEFB500614968 /* PlayDataTests.swift in Sources */,
			);
			runOnlyForDeploymentPostprocessing = 0;
		};
		534F84C227BFEB7300614968 /* Sources */ = {
			isa = PBXSourcesBuildPhase;
			buildActionMask = 2147483647;
			files = (
				534F84CD27BFEB7300614968 /* Shakespeare_s_comediesUITestsLaunchTests.swift in Sources */,
				534F84CB27BFEB7300614968 /* Shakespeare_s_comediesUITests.swift in Sources */,
			);
			runOnlyForDeploymentPostprocessing = 0;
		};
/* End PBXSourcesBuildPhase section */

/* Begin PBXTargetDependency section */
		534F84BE27BFEB7300614968 /* PBXTargetDependency */ = {
			isa = PBXTargetDependency;
			target = 534F84A527BFEB7000614968 /* Shakespeare's comedies */;
			targetProxy = 534F84BD27BFEB7300614968 /* PBXContainerItemProxy */;
		};
		534F84C827BFEB7300614968 /* PBXTargetDependency */ = {
			isa = PBXTargetDependency;
			target = 534F84A527BFEB7000614968 /* Shakespeare's comedies */;
			targetProxy = 534F84C727BFEB7300614968 /* PBXContainerItemProxy */;
		};
/* End PBXTargetDependency section */

/* Begin PBXVariantGroup section */
		534F84AF27BFEB7000614968 /* Main.storyboard */ = {
			isa = PBXVariantGroup;
			children = (
				534F84B027BFEB7000614968 /* Base */,
			);
			name = Main.storyboard;
			sourceTree = "<group>";
		};
		534F84B427BFEB7300614968 /* LaunchScreen.storyboard */ = {
			isa = PBXVariantGroup;
			children = (
				534F84B527BFEB7300614968 /* Base */,
			);
			name = LaunchScreen.storyboard;
			sourceTree = "<group>";
		};
/* End PBXVariantGroup section */

/* Begin XCBuildConfiguration section */
		534F84CE27BFEB7300614968 /* Debug */ = {
			isa = XCBuildConfiguration;
			buildSettings = {
				ALWAYS_SEARCH_USER_PATHS = NO;
				CLANG_ANALYZER_NONNULL = YES;
				CLANG_ANALYZER_NUMBER_OBJECT_CONVERSION = YES_AGGRESSIVE;
				CLANG_CXX_LANGUAGE_STANDARD = "gnu++17";
				CLANG_CXX_LIBRARY = "libc++";
				CLANG_ENABLE_MODULES = YES;
				CLANG_ENABLE_OBJC_ARC = YES;
				CLANG_ENABLE_OBJC_WEAK = YES;
				CLANG_WARN_BLOCK_CAPTURE_AUTORELEASING = YES;
				CLANG_WARN_BOOL_CONVERSION = YES;
				CLANG_WARN_COMMA = YES;
				CLANG_WARN_CONSTANT_CONVERSION = YES;
				CLANG_WARN_DEPRECATED_OBJC_IMPLEMENTATIONS = YES;
				CLANG_WARN_DIRECT_OBJC_ISA_USAGE = YES_ERROR;
				CLANG_WARN_DOCUMENTATION_COMMENTS = YES;
				CLANG_WARN_EMPTY_BODY = YES;
				CLANG_WARN_ENUM_CONVERSION = YES;
				CLANG_WARN_INFINITE_RECURSION = YES;
				CLANG_WARN_INT_CONVERSION = YES;
				CLANG_WARN_NON_LITERAL_NULL_CONVERSION = YES;
				CLANG_WARN_OBJC_IMPLICIT_RETAIN_SELF = YES;
				CLANG_WARN_OBJC_LITERAL_CONVERSION = YES;
				CLANG_WARN_OBJC_ROOT_CLASS = YES_ERROR;
				CLANG_WARN_QUOTED_INCLUDE_IN_FRAMEWORK_HEADER = YES;
				CLANG_WARN_RANGE_LOOP_ANALYSIS = YES;
				CLANG_WARN_STRICT_PROTOTYPES = YES;
				CLANG_WARN_SUSPICIOUS_MOVE = YES;
				CLANG_WARN_UNGUARDED_AVAILABILITY = YES_AGGRESSIVE;
				CLANG_WARN_UNREACHABLE_CODE = YES;
				CLANG_WARN__DUPLICATE_METHOD_MATCH = YES;
				COPY_PHASE_STRIP = NO;
				DEBUG_INFORMATION_FORMAT = dwarf;
				ENABLE_STRICT_OBJC_MSGSEND = YES;
				ENABLE_TESTABILITY = YES;
				GCC_C_LANGUAGE_STANDARD = gnu11;
				GCC_DYNAMIC_NO_PIC = NO;
				GCC_NO_COMMON_BLOCKS = YES;
				GCC_OPTIMIZATION_LEVEL = 0;
				GCC_PREPROCESSOR_DEFINITIONS = (
					"DEBUG=1",
					"$(inherited)",
				);
				GCC_WARN_64_TO_32_BIT_CONVERSION = YES;
				GCC_WARN_ABOUT_RETURN_TYPE = YES_ERROR;
				GCC_WARN_UNDECLARED_SELECTOR = YES;
				GCC_WARN_UNINITIALIZED_AUTOS = YES_AGGRESSIVE;
				GCC_WARN_UNUSED_FUNCTION = YES;
				GCC_WARN_UNUSED_VARIABLE = YES;
				IPHONEOS_DEPLOYMENT_TARGET = 15.2;
				MTL_ENABLE_DEBUG_INFO = INCLUDE_SOURCE;
				MTL_FAST_MATH = YES;
				ONLY_ACTIVE_ARCH = YES;
				SDKROOT = iphoneos;
				SWIFT_ACTIVE_COMPILATION_CONDITIONS = DEBUG;
				SWIFT_OPTIMIZATION_LEVEL = "-Onone";
			};
			name = Debug;
		};
		534F84CF27BFEB7300614968 /* Release */ = {
			isa = XCBuildConfiguration;
			buildSettings = {
				ALWAYS_SEARCH_USER_PATHS = NO;
				CLANG_ANALYZER_NONNULL = YES;
				CLANG_ANALYZER_NUMBER_OBJECT_CONVERSION = YES_AGGRESSIVE;
				CLANG_CXX_LANGUAGE_STANDARD = "gnu++17";
				CLANG_CXX_LIBRARY = "libc++";
				CLANG_ENABLE_MODULES = YES;
				CLANG_ENABLE_OBJC_ARC = YES;
				CLANG_ENABLE_OBJC_WEAK = YES;
				CLANG_WARN_BLOCK_CAPTURE_AUTORELEASING = YES;
				CLANG_WARN_BOOL_CONVERSION = YES;
				CLANG_WARN_COMMA = YES;
				CLANG_WARN_CONSTANT_CONVERSION = YES;
				CLANG_WARN_DEPRECATED_OBJC_IMPLEMENTATIONS = YES;
				CLANG_WARN_DIRECT_OBJC_ISA_USAGE = YES_ERROR;
				CLANG_WARN_DOCUMENTATION_COMMENTS = YES;
				CLANG_WARN_EMPTY_BODY = YES;
				CLANG_WARN_ENUM_CONVERSION = YES;
				CLANG_WARN_INFINITE_RECURSION = YES;
				CLANG_WARN_INT_CONVERSION = YES;
				CLANG_WARN_NON_LITERAL_NULL_CONVERSION = YES;
				CLANG_WARN_OBJC_IMPLICIT_RETAIN_SELF = YES;
				CLANG_WARN_OBJC_LITERAL_CONVERSION = YES;
				CLANG_WARN_OBJC_ROOT_CLASS = YES_ERROR;
				CLANG_WARN_QUOTED_INCLUDE_IN_FRAMEWORK_HEADER = YES;
				CLANG_WARN_RANGE_LOOP_ANALYSIS = YES;
				CLANG_WARN_STRICT_PROTOTYPES = YES;
				CLANG_WARN_SUSPICIOUS_MOVE = YES;
				CLANG_WARN_UNGUARDED_AVAILABILITY = YES_AGGRESSIVE;
				CLANG_WARN_UNREACHABLE_CODE = YES;
				CLANG_WARN__DUPLICATE_METHOD_MATCH = YES;
				COPY_PHASE_STRIP = NO;
				DEBUG_INFORMATION_FORMAT = "dwarf-with-dsym";
				ENABLE_NS_ASSERTIONS = NO;
				ENABLE_STRICT_OBJC_MSGSEND = YES;
				GCC_C_LANGUAGE_STANDARD = gnu11;
				GCC_NO_COMMON_BLOCKS = YES;
				GCC_WARN_64_TO_32_BIT_CONVERSION = YES;
				GCC_WARN_ABOUT_RETURN_TYPE = YES_ERROR;
				GCC_WARN_UNDECLARED_SELECTOR = YES;
				GCC_WARN_UNINITIALIZED_AUTOS = YES_AGGRESSIVE;
				GCC_WARN_UNUSED_FUNCTION = YES;
				GCC_WARN_UNUSED_VARIABLE = YES;
				IPHONEOS_DEPLOYMENT_TARGET = 15.2;
				MTL_ENABLE_DEBUG_INFO = NO;
				MTL_FAST_MATH = YES;
				SDKROOT = iphoneos;
				SWIFT_COMPILATION_MODE = wholemodule;
				SWIFT_OPTIMIZATION_LEVEL = "-O";
				VALIDATE_PRODUCT = YES;
			};
			name = Release;
		};
		534F84D127BFEB7300614968 /* Debug */ = {
			isa = XCBuildConfiguration;
			buildSettings = {
				ASSETCATALOG_COMPILER_APPICON_NAME = AppIcon;
				ASSETCATALOG_COMPILER_GLOBAL_ACCENT_COLOR_NAME = AccentColor;
				CODE_SIGN_STYLE = Automatic;
				CURRENT_PROJECT_VERSION = 1;
				DEVELOPMENT_TEAM = CAZYY7RZVW;
				GENERATE_INFOPLIST_FILE = YES;
				INFOPLIST_FILE = "Shakespeare's comedies/Info.plist";
				INFOPLIST_KEY_CFBundleDisplayName = "Shakespeare's comedies";
				INFOPLIST_KEY_UIApplicationSupportsIndirectInputEvents = YES;
				INFOPLIST_KEY_UILaunchStoryboardName = LaunchScreen;
				INFOPLIST_KEY_UIMainStoryboardFile = Main;
				INFOPLIST_KEY_UISupportedInterfaceOrientations = "UIInterfaceOrientationPortrait UIInterfaceOrientationPortraitUpsideDown";
				INFOPLIST_KEY_UISupportedInterfaceOrientations_iPad = "UIInterfaceOrientationPortrait UIInterfaceOrientationPortraitUpsideDown UIInterfaceOrientationLandscapeLeft UIInterfaceOrientationLandscapeRight";
				INFOPLIST_KEY_UISupportedInterfaceOrientations_iPhone = "UIInterfaceOrientationPortrait UIInterfaceOrientationLandscapeLeft UIInterfaceOrientationLandscapeRight";
				LD_RUNPATH_SEARCH_PATHS = (
					"$(inherited)",
					"@executable_path/Frameworks",
				);
				MARKETING_VERSION = 1.0;
				PRODUCT_BUNDLE_IDENTIFIER = "com.AhmedAmin.Shakespeare-s-comedies";
				PRODUCT_NAME = "$(TARGET_NAME)";
				SWIFT_EMIT_LOC_STRINGS = YES;
				SWIFT_VERSION = 5.0;
				TARGETED_DEVICE_FAMILY = "1,2";
			};
			name = Debug;
		};
		534F84D227BFEB7300614968 /* Release */ = {
			isa = XCBuildConfiguration;
			buildSettings = {
				ASSETCATALOG_COMPILER_APPICON_NAME = AppIcon;
				ASSETCATALOG_COMPILER_GLOBAL_ACCENT_COLOR_NAME = AccentColor;
				CODE_SIGN_STYLE = Automatic;
				CURRENT_PROJECT_VERSION = 1;
				DEVELOPMENT_TEAM = CAZYY7RZVW;
				GENERATE_INFOPLIST_FILE = YES;
				INFOPLIST_FILE = "Shakespeare's comedies/Info.plist";
				INFOPLIST_KEY_CFBundleDisplayName = "Shakespeare's comedies";
				INFOPLIST_KEY_UIApplicationSupportsIndirectInputEvents = YES;
				INFOPLIST_KEY_UILaunchStoryboardName = LaunchScreen;
				INFOPLIST_KEY_UIMainStoryboardFile = Main;
				INFOPLIST_KEY_UISupportedInterfaceOrientations = "UIInterfaceOrientationPortrait UIInterfaceOrientationPortraitUpsideDown";
				INFOPLIST_KEY_UISupportedInterfaceOrientations_iPad = "UIInterfaceOrientationPortrait UIInterfaceOrientationPortraitUpsideDown UIInterfaceOrientationLandscapeLeft UIInterfaceOrientationLandscapeRight";
				INFOPLIST_KEY_UISupportedInterfaceOrientations_iPhone = "UIInterfaceOrientationPortrait UIInterfaceOrientationLandscapeLeft UIInterfaceOrientationLandscapeRight";
				LD_RUNPATH_SEARCH_PATHS = (
					"$(inherited)",
					"@executable_path/Frameworks",
				);
				MARKETING_VERSION = 1.0;
				PRODUCT_BUNDLE_IDENTIFIER = "com.AhmedAmin.Shakespeare-s-comedies";
				PRODUCT_NAME = "$(TARGET_NAME)";
				SWIFT_EMIT_LOC_STRINGS = YES;
				SWIFT_VERSION = 5.0;
				TARGETED_DEVICE_FAMILY = "1,2";
			};
			name = Release;
		};
		534F84D427BFEB7300614968 /* Debug */ = {
			isa = XCBuildConfiguration;
			buildSettings = {
				ALWAYS_EMBED_SWIFT_STANDARD_LIBRARIES = YES;
				BUNDLE_LOADER = "$(TEST_HOST)";
				CODE_SIGN_STYLE = Automatic;
				CURRENT_PROJECT_VERSION = 1;
				DEVELOPMENT_TEAM = CAZYY7RZVW;
				GENERATE_INFOPLIST_FILE = YES;
				IPHONEOS_DEPLOYMENT_TARGET = 15.2;
				MARKETING_VERSION = 1.0;
				PRODUCT_BUNDLE_IDENTIFIER = "com.AhmedAmin.Shakespeare-s-comediesTests";
				PRODUCT_NAME = "$(TARGET_NAME)";
				SWIFT_EMIT_LOC_STRINGS = NO;
				SWIFT_VERSION = 5.0;
				TARGETED_DEVICE_FAMILY = "1,2";
				TEST_HOST = "$(BUILT_PRODUCTS_DIR)/Shakespeare's comedies.app/Shakespeare's comedies";
			};
			name = Debug;
		};
		534F84D527BFEB7300614968 /* Release */ = {
			isa = XCBuildConfiguration;
			buildSettings = {
				ALWAYS_EMBED_SWIFT_STANDARD_LIBRARIES = YES;
				BUNDLE_LOADER = "$(TEST_HOST)";
				CODE_SIGN_STYLE = Automatic;
				CURRENT_PROJECT_VERSION = 1;
				DEVELOPMENT_TEAM = CAZYY7RZVW;
				GENERATE_INFOPLIST_FILE = YES;
				IPHONEOS_DEPLOYMENT_TARGET = 15.2;
				MARKETING_VERSION = 1.0;
				PRODUCT_BUNDLE_IDENTIFIER = "com.AhmedAmin.Shakespeare-s-comediesTests";
				PRODUCT_NAME = "$(TARGET_NAME)";
				SWIFT_EMIT_LOC_STRINGS = NO;
				SWIFT_VERSION = 5.0;
				TARGETED_DEVICE_FAMILY = "1,2";
				TEST_HOST = "$(BUILT_PRODUCTS_DIR)/Shakespeare's comedies.app/Shakespeare's comedies";
			};
			name = Release;
		};
		534F84D727BFEB7300614968 /* Debug */ = {
			isa = XCBuildConfiguration;
			buildSettings = {
				ALWAYS_EMBED_SWIFT_STANDARD_LIBRARIES = YES;
				CODE_SIGN_STYLE = Automatic;
				CURRENT_PROJECT_VERSION = 1;
				DEVELOPMENT_TEAM = CAZYY7RZVW;
				GENERATE_INFOPLIST_FILE = YES;
				MARKETING_VERSION = 1.0;
				PRODUCT_BUNDLE_IDENTIFIER = "com.AhmedAmin.Shakespeare-s-comediesUITests";
				PRODUCT_NAME = "$(TARGET_NAME)";
				SWIFT_EMIT_LOC_STRINGS = NO;
				SWIFT_VERSION = 5.0;
				TARGETED_DEVICE_FAMILY = "1,2";
				TEST_TARGET_NAME = "Shakespeare's comedies";
			};
			name = Debug;
		};
		534F84D827BFEB7300614968 /* Release */ = {
			isa = XCBuildConfiguration;
			buildSettings = {
				ALWAYS_EMBED_SWIFT_STANDARD_LIBRARIES = YES;
				CODE_SIGN_STYLE = Automatic;
				CURRENT_PROJECT_VERSION = 1;
				DEVELOPMENT_TEAM = CAZYY7RZVW;
				GENERATE_INFOPLIST_FILE = YES;
				MARKETING_VERSION = 1.0;
				PRODUCT_BUNDLE_IDENTIFIER = "com.AhmedAmin.Shakespeare-s-comediesUITests";
				PRODUCT_NAME = "$(TARGET_NAME)";
				SWIFT_EMIT_LOC_STRINGS = NO;
				SWIFT_VERSION = 5.0;
				TARGETED_DEVICE_FAMILY = "1,2";
				TEST_TARGET_NAME = "Shakespeare's comedies";
			};
			name = Release;
		};
/* End XCBuildConfiguration section */

/* Begin XCConfigurationList section */
		534F84A127BFEB7000614968 /* Build configuration list for PBXProject "Shakespeare's comedies" */ = {
			isa = XCConfigurationList;
			buildConfigurations = (
				534F84CE27BFEB7300614968 /* Debug */,
				534F84CF27BFEB7300614968 /* Release */,
			);
			defaultConfigurationIsVisible = 0;
			defaultConfigurationName = Release;
		};
		534F84D027BFEB7300614968 /* Build configuration list for PBXNativeTarget "Shakespeare's comedies" */ = {
			isa = XCConfigurationList;
			buildConfigurations = (
				534F84D127BFEB7300614968 /* Debug */,
				534F84D227BFEB7300614968 /* Release */,
			);
			defaultConfigurationIsVisible = 0;
			defaultConfigurationName = Release;
		};
		534F84D327BFEB7300614968 /* Build configuration list for PBXNativeTarget "Shakespeare's comediesTests" */ = {
			isa = XCConfigurationList;
			buildConfigurations = (
				534F84D427BFEB7300614968 /* Debug */,
				534F84D527BFEB7300614968 /* Release */,
			);
			defaultConfigurationIsVisible = 0;
			defaultConfigurationName = Release;
		};
		534F84D627BFEB7300614968 /* Build configuration list for PBXNativeTarget "Shakespeare's comediesUITests" */ = {
			isa = XCConfigurationList;
			buildConfigurations = (
				534F84D727BFEB7300614968 /* Debug */,
				534F84D827BFEB7300614968 /* Release */,
			);
			defaultConfigurationIsVisible = 0;
			defaultConfigurationName = Release;
		};
/* End XCConfigurationList section */
	};
	rootObject = 534F849E27BFEB7000614968 /* Project object */;
}
